{
  "lockfileVersion": 1,
  "configVersion": 1,
  "workspaces": {
    "": {
      "name": "@reviewos/desktop",
      "dependencies": {
        "@stacksjs/components": "^0.2.208",
        "@stacksjs/desktop": "^0.2.208",
        "@stacksjs/stx": "^0.2.208",
        "bun-plugin-stx": "^0.2.208",
      },
      "devDependencies": {
        "@types/bun": "^1.3.6",
      },
    },
  },
  "packages": {
    "@cwcss/crosswind": ["@cwcss/crosswind@0.2.16", "", { "dependencies": { "@stacksjs/clapp": "^0.2.0", "bunfig": "^0.15.17" }, "bin": { "crosswind": "./dist/cli.js" } }, "sha512-QgSTpcnt1seUQF2++taD5wk/H1lE3wSaybd+i9iP/syQTB2w/v2aM2U9SzYYe2ZcHA3Uxa1Sn/YvhcmHeFfuCA=="],

    "@iconify-json/f7": ["@iconify-json/f7@1.2.2", "", { "dependencies": { "@iconify/types": "*" } }, "sha512-7+RhvnncD+LRu0smuHOun4emOUu48XUGG6G0tYYbrXS7n4Io2xntx6nxa09/iI41t9hnH2oHHU3Dg7Ee60Ovow=="],

    "@iconify/types": ["@iconify/types@2.0.0", "", {}, "sha512-+wluvCrRhXrhyOmRDJ3q8mux9JkKy5SJ/v8ol2tu4FVjyYvtEzkc/3pK15ET6RKg4b4w4BmTk1+gsCUhf21Ykg=="],

    "@stacksjs/clapp": ["@stacksjs/clapp@0.2.13", "", {}, "sha512-wh6Ybgga1S/3P+GRDb2kBiOK97+Ay7TKTiaLKfhpgd+V04+BAHg23xDlZUNkpllhoRdFimeHpWahuwghoNYbUg=="],

    "@stacksjs/clarity": ["@stacksjs/clarity@0.3.33", "", { "dependencies": { "bunfig": "^0.15.6" }, "bin": { "clarity": "./dist/bin/cli.js" } }, "sha512-+5GLKnAI/M/z64UfNLLfQqx/kp+frmRY+NZXYwwGwbrkud/xlsEGDWEExdhqOhqEDMWdb1oafw/ubGAPg1PaFw=="],

    "@stacksjs/components": ["@stacksjs/components@0.2.208", "", { "dependencies": { "@cwcss/crosswind": "^0.2.14", "@iconify-json/f7": "^1.2.2", "@stacksjs/stx": "0.2.208", "bun-plugin-stx": "0.2.208", "ts-syntax-highlighter": "^0.2.1" } }, "sha512-KPG4KgLO72UEQV2sEvmYzXlnaOh0RiABLR4JLUbiWff/ur2L3id5YJCD/HZnAVacTsvS2SKcT/tRg/gnKP5Cjg=="],

    "@stacksjs/desktop": ["@stacksjs/desktop@0.2.208", "", { "dependencies": { "craft-native": ">=0.0.55" } }, "sha512-5kxUUSaKYUl+aR3XzvWYU0UGveD3aQdV5wWsUlS0wToFrRSL7kdDF/QaF/ykV7cJLx4P7iXr7Uz0W8hV7Olf7w=="],

    "@stacksjs/sanitizer": ["@stacksjs/sanitizer@0.2.208", "", {}, "sha512-97KwAEryVb+47vv43m37lniJlgAqxJTSysRTAf3BhaIgbw7fOmgPIaVS8jerPd1/O6a3P2Gbf61j6oitq0veOg=="],

    "@stacksjs/stx": ["@stacksjs/stx@0.2.208", "", { "dependencies": { "@cwcss/crosswind": "^0.2.14", "@stacksjs/clapp": "^0.2.0", "@stacksjs/desktop": "0.2.208", "@stacksjs/sanitizer": "0.2.208", "@stacksjs/ts-i18n": "^0.1.11", "bun-plugin-stx": "0.2.208", "bunfig": "^0.15.17", "stx-router": "0.2.208", "ts-broadcasting": "^0.0.9", "ts-images": "^0.2.11", "ts-syntax-highlighter": "^0.2.1" }, "bin": { "stx": "./dist/cli.js" } }, "sha512-WLMUzWq4OJCjx8AX3pX5UDBr/bbuy912D6VN7uQKN14ObIll8IWMpgwnpBR//4CTEo+2ugrgag1YmUsDkzairQ=="],

    "@stacksjs/ts-avif": ["@stacksjs/ts-avif@0.1.4", "", {}, "sha512-+ri7xxHLxaFGRJPihI7irDZpdLEIrEFpR7Em+ojfDbTjXQmXtQBqN/9WKNhBdQ1BZ2M1ckjdgnxmfege86QQ5Q=="],

    "@stacksjs/ts-bmp": ["@stacksjs/ts-bmp@0.1.1", "", {}, "sha512-TIgm4rbCoYOijlg2gQuAyJErXeeoVzra4snxNvZ2fe6QBGIA0gm5147oo3t/cIeTMUzbmnyJ1g0QbT4kP4Ck9Q=="],

    "@stacksjs/ts-css": ["@stacksjs/ts-css@0.1.4", "", { "dependencies": { "bunfig": "^0.15.6" }, "bin": { "ts-css": "./dist/bin/cli.js" } }, "sha512-QvHvgagJ6kQY3+zY37andUEJFKq/v4v2JpDCrvVdbX3TYCLuRQExZl8Qf3ai+Fl9BN2oWikH+DfKSs5HuEZrGQ=="],

    "@stacksjs/ts-i18n": ["@stacksjs/ts-i18n@0.1.11", "", { "dependencies": { "@stacksjs/clapp": "^0.2.9", "bunfig": "^0.15.6" }, "bin": { "i18n": "./dist/cli.js" } }, "sha512-33FM0gKdxBy6EUsUZLGAMe0D7QUZ4f/BQXRsQIyzkZgs2+juruUTevPuJGCjWSZsgJuiaBfEJn8Oq8ctuo1OWQ=="],

    "@stacksjs/ts-png": ["@stacksjs/ts-png@0.1.8", "", {}, "sha512-6xJFCujeERqSJDdL/56XOButQnQuvUPdrKfAj5Ge2YQyQ3EgY7Eq6h24qaePHmEEiWDoo/4N6Wi2VvZpQXwz9w=="],

    "@stacksjs/ts-svg": ["@stacksjs/ts-svg@0.1.3", "", { "dependencies": { "@stacksjs/ts-css": "^0.1.0", "@stacksjs/ts-png": "^0.1.2" }, "bin": { "svg": "./dist/cli.js" } }, "sha512-uU0K7cSb8MENmGVKeBsXcYCjWf5nekFGGztE4FQzsswVAJS6c5cCy+twfXr+OstRR1VUW0cL8O2uDcgdIZjAuw=="],

    "@stacksjs/ts-webp": ["@stacksjs/ts-webp@0.1.3", "", {}, "sha512-0PFmmBLKCxIc+8pNEwfvoXfS5uH47y7rXpVaGEfj6VQGPoQCAWUmheppCeJ66YCdSVR1dezR/4MGTZCnT+uZow=="],

    "@types/bun": ["@types/bun@1.4.0", "", { "dependencies": { "bun-types": "1.4.0" } }, "sha512-K+lZULY23vRgK/CfTjFIV+tyifaNdSMlPh9j+6mQ/cLfpOznLyAuzgV/JQysyECpkBQLVMSyvjlr2fBUSA9wFQ=="],

    "@types/node": ["@types/node@26.2.0", "", { "dependencies": { "undici-types": "~8.3.0" } }, "sha512-5IviulTZeRNp2vAJ514cc/HUlY5nZ9fCbq9DMyC52BrhFZACo3nI0R7qBxhQmo/d27NFe96ur/b7Wwxklda+kg=="],

    "bun-plugin-stx": ["bun-plugin-stx@0.2.208", "", { "dependencies": { "@stacksjs/stx": "^0.2.72", "stx-router": "^0.2.72" }, "bin": { "serve": "./dist/serve.js", "stx-serve": "./dist/serve.js" } }, "sha512-V9h3C9GMe0GLbcm8/giCX5Mc1FZJkOLJAEG/RMZ8GuWQN6dwgiLKk6YQRE5GDaZGFGHjc6iTjpVO9LFLSb4Dww=="],

    "bun-types": ["bun-types@1.4.0", "", { "dependencies": { "@types/node": "*" } }, "sha512-iIKw23BspnQQYd3prITOBxeUsxBHnwzX6YJfGMuNOZzeNcMmVqzIIVGRm1l69ogaPQmb4wB6BN8mA5bE9YuC5Q=="],

    "bunfig": ["bunfig@0.15.19", "", { "dependencies": { "@stacksjs/clarity": "^0.3.24" }, "bin": { "bunfig": "./dist/cli.js" } }, "sha512-Ig302A74YUmagywXX1Dl8hXNdwjq/MIlB1TBVRduO6kGTMjkFQsxS3LimTFBNEThWypc/JS6cv4+TLeRAl2RGw=="],

    "craft-native": ["craft-native@0.0.55", "", { "bin": { "craft-sdk": "dist/cli.js" } }, "sha512-qFekhPhVKRqsMJLaX9zTDQCq03ciVYvARoiBJYtFfFiQuf/uwBWEfhlez5pjKLnX4PVuQhsZM2PwG+NLdoxvbQ=="],

    "data-uri-to-buffer": ["data-uri-to-buffer@6.0.2", "", {}, "sha512-7hvf7/GW8e86rW0ptuwS3OcBGDjIi6SZva7hCyWC0yYry2cOPmLIjXAUHI6DK2HsnwJd9ifmt57i8eV2n4YNpw=="],

    "stx-router": ["stx-router@0.2.208", "", {}, "sha512-IRPHpDyRNThQRuyoIL2V+YIIDfeHC4IcfJr6oe5oVzuOibOsGOBMfyOmTPz8BymK4grReYIoA0OtjBLLldD8Cw=="],

    "ts-broadcasting": ["ts-broadcasting@0.0.9", "", { "bin": { "broadcast": "./dist/bin/cli.js" } }, "sha512-OA95bHPe3M/24Gx8FpbUV0+NzGwvemG2LP64s1p/zATagX8xJckeziru03ccjW0ExWaD+W5tC1GRIqS6lfbB4A=="],

    "ts-gif": ["ts-gif@0.1.2", "", { "dependencies": { "data-uri-to-buffer": "^6.0.2" } }, "sha512-jbraplO1qqJtrtkFeepNPUGPad7w8FQHWIQFsn1OJbHeWKUbdqdkrX18XzNXI5Fw7+s6A3nbNTdj+Ukn4d3f8g=="],

    "ts-images": ["ts-images@0.2.12", "", { "dependencies": { "@stacksjs/ts-avif": "^0.1.0", "@stacksjs/ts-bmp": "^0.1.0", "@stacksjs/ts-png": "^0.1.2", "@stacksjs/ts-svg": "^0.1.1", "@stacksjs/ts-webp": "^0.1.2", "ts-gif": "^0.1.2", "ts-jpeg": "^0.3.1" }, "bin": { "imgx": "./dist/bin/cli.js" } }, "sha512-HdwJocQhIql9HI53Nl0pOLndYAkrlwxSxxUqU1WX/VITf0nrPNxQGzRH1dKy80hmqGQmSvPqX0O3UagNSSBQjw=="],

    "ts-jpeg": ["ts-jpeg@0.3.5", "", {}, "sha512-etdIfMDRDYDF44kDu++z0M5GbR7ph9IKmubSXQop1O8NTUc+xjxE8dPt/niosHRUhMiQ4gaLtuFh0DH6QvfopA=="],

    "ts-syntax-highlighter": ["ts-syntax-highlighter@0.2.15", "", { "bin": { "ts-syntax-highlighter": "./dist/bin/cli.js" } }, "sha512-1Dx8AwkB43FWTVUKVicnE7kbF5klpf1nImGteRcDJBOPaLGcbYKKC9ZzgP0Yf8UMilUdHM7BPXmm+0Xn5pd88w=="],

    "undici-types": ["undici-types@8.3.0", "", {}, "sha512-j375ScV60dom+YkPFIfTLcOiPxkN/buHz5GobjLhixFuANaNs3C9l4GmrWqejgXWJ7BbJcFYpTEUkS1Ge8bpZQ=="],

    "bun-plugin-stx/stx-router": ["stx-router@0.2.207", "", {}, "sha512-PQjQ5nCizzzAN27Dh6SY+aFRXaB1dwqciYq/W+mnCWEZoi0ufmydvbkf9FLiXFNNu12mYriPyRB4lWCExIlMGQ=="],
  }
}
